
Microsoft Visual Studio Solution File, Format Version 12.00
# Visual Studio 15
VisualStudioVersion = 15.0.27004.2005
MinimumVisualStudioVersion = 10.0.40219.1
Project("{2150E333-8FDC-42A3-9474-1A3956D46DE8}") = "src", "src", "{8D24BBB2-5220-4522-8E87-9A455C886175}"
EndProject
Project("{2150E333-8FDC-42A3-9474-1A3956D46DE8}") = "test", "test", "{587F01F1-3ABB-48F2-ABBE-9562F15F2FCC}"
EndProject
Project("{FAE04EC0-301F-11D3-BF4B-00C04F79EFBC}") = "PartsUnlimited.UnitTests", "test\PartsUnlimited.UnitTests\PartsUnlimited.UnitTests.csproj", "{CFEA84F3-D81A-4391-8349-D4F9DD38A000}"
EndProject
Project("{151D2E53-A2C4-4D7D-83FE-D05416EBD58E}") = "webappdeploy", "webappdeploy\webappdeploy.deployproj", "{D353D23C-C8F3-424E-B265-EA64C95C18E5}"
EndProject
Project("{151D2E53-A2C4-4D7D-83FE-D05416EBD58E}") = "PartsUnlimitedEnv", "env\PartsUnlimitedEnv\PartsUnlimitedEnv.deployproj", "{922D935C-955F-4CB7-8686-815C6E9F9E73}"
EndProject
Project("{2150E333-8FDC-42A3-9474-1A3956D46DE8}") = "env", "env", "{903203BB-A1E0-4C83-8310-0C36C663A13E}"
EndProject
Project("{2150E333-8FDC-42A3-9474-1A3956D46DE8}") = "Solution Items", "Solution Items", "{D4D5B66A-CD39-49D7-B766-88F8D9D9F31C}"
	ProjectSection(SolutionItems) = preProject
		..\azure-pipelines.yml = ..\azure-pipelines.yml
		Local.testsettings = Local.testsettings
	EndProjectSection
EndProject
Project("{FAE04EC0-301F-11D3-BF4B-00C04F79EFBC}") = "PartsUnlimitedWebsite", "src\PartsUnlimitedWebsite\PartsUnlimitedWebsite.csproj", "{68411661-4B0C-444A-BC13-2182FBB116B9}"
EndProject
Project("{FAE04EC0-301F-11D3-BF4B-00C04F79EFBC}") = "PartsUnlimited.UITests", "PartsUnlimited.UITests\PartsUnlimited.UITests.csproj", "{57B338C7-5012-45E5-98A3-91CB1B8BFEAB}"
EndProject
Project("{FAE04EC0-301F-11D3-BF4B-00C04F79EFBC}") = "PartsUnlimited.WebTests", "PartsUnlimited.WebTests\PartsUnlimited.WebTests.csproj", "{DAAD675B-AF6E-451B-9693-22F5F889975E}"
EndProject
Global
	GlobalSection(SolutionConfigurationPlatforms) = preSolution
		Debug|Any CPU = Debug|Any CPU
		Release|Any CPU = Release|Any CPU
	EndGlobalSection
	GlobalSection(ProjectConfigurationPlatforms) = postSolution
		{CFEA84F3-D81A-4391-8349-D4F9DD38A000}.Debug|Any CPU.ActiveCfg = Debug|Any CPU
		{CFEA84F3-D81A-4391-8349-D4F9DD38A000}.Debug|Any CPU.Build.0 = Debug|Any CPU
		{CFEA84F3-D81A-4391-8349-D4F9DD38A000}.Release|Any CPU.ActiveCfg = Release|Any CPU
		{CFEA84F3-D81A-4391-8349-D4F9DD38A000}.Release|Any CPU.Build.0 = Release|Any CPU
		{D353D23C-C8F3-424E-B265-EA64C95C18E5}.Debug|Any CPU.ActiveCfg = Debug|Any CPU
		{D353D23C-C8F3-424E-B265-EA64C95C18E5}.Debug|Any CPU.Build.0 = Debug|Any CPU
		{D353D23C-C8F3-424E-B265-EA64C95C18E5}.Release|Any CPU.ActiveCfg = Release|Any CPU
		{D353D23C-C8F3-424E-B265-EA64C95C18E5}.Release|Any CPU.Build.0 = Release|Any CPU
		{922D935C-955F-4CB7-8686-815C6E9F9E73}.Debug|Any CPU.ActiveCfg = Debug|Any CPU
		{922D935C-955F-4CB7-8686-815C6E9F9E73}.Debug|Any CPU.Build.0 = Debug|Any CPU
		{922D935C-955F-4CB7-8686-815C6E9F9E73}.Release|Any CPU.ActiveCfg = Release|Any CPU
		{922D935C-955F-4CB7-8686-815C6E9F9E73}.Release|Any CPU.Build.0 = Release|Any CPU
		{68411661-4B0C-444A-BC13-2182FBB116B9}.Debug|Any CPU.ActiveCfg = Debug|Any CPU
		{68411661-4B0C-444A-BC13-2182FBB116B9}.Debug|Any CPU.Build.0 = Debug|Any CPU
		{68411661-4B0C-444A-BC13-2182FBB116B9}.Release|Any CPU.ActiveCfg = Release|Any CPU
		{68411661-4B0C-444A-BC13-2182FBB116B9}.Release|Any CPU.Build.0 = Release|Any CPU
		{57B338C7-5012-45E5-98A3-91CB1B8BFEAB}.Debug|Any CPU.ActiveCfg = Debug|Any CPU
		{57B338C7-5012-45E5-98A3-91CB1B8BFEAB}.Debug|Any CPU.Build.0 = Debug|Any CPU
		{57B338C7-5012-45E5-98A3-91CB1B8BFEAB}.Release|Any CPU.ActiveCfg = Release|Any CPU
		{57B338C7-5012-45E5-98A3-91CB1B8BFEAB}.Release|Any CPU.Build.0 = Release|Any CPU
		{DAAD675B-AF6E-451B-9693-22F5F889975E}.Debug|Any CPU.ActiveCfg = Debug|Any CPU
		{DAAD675B-AF6E-451B-9693-22F5F889975E}.Debug|Any CPU.Build.0 = Debug|Any CPU
		{DAAD675B-AF6E-451B-9693-22F5F889975E}.Release|Any CPU.ActiveCfg = Release|Any CPU
		{DAAD675B-AF6E-451B-9693-22F5F889975E}.Release|Any CPU.Build.0 = Release|Any CPU
	EndGlobalSection
	GlobalSection(SolutionProperties) = preSolution
		HideSolutionNode = FALSE
	EndGlobalSection
	GlobalSection(NestedProjects) = preSolution
		{CFEA84F3-D81A-4391-8349-D4F9DD38A000} = {587F01F1-3ABB-48F2-ABBE-9562F15F2FCC}
		{922D935C-955F-4CB7-8686-815C6E9F9E73} = {903203BB-A1E0-4C83-8310-0C36C663A13E}
		{68411661-4B0C-444A-BC13-2182FBB116B9} = {8D24BBB2-5220-4522-8E87-9A455C886175}
		{57B338C7-5012-45E5-98A3-91CB1B8BFEAB} = {587F01F1-3ABB-48F2-ABBE-9562F15F2FCC}
		{DAAD675B-AF6E-451B-9693-22F5F889975E} = {587F01F1-3ABB-48F2-ABBE-9562F15F2FCC}
	EndGlobalSection
	GlobalSection(ExtensibilityGlobals) = postSolution
		SolutionGuid = {9C41A38F-A77B-49F0-A75D-D60ABF0AC6E2}
	EndGlobalSection
EndGlobal
